
Microsoft Visual Studio Solution File, Format Version 12.00

Project("{FAE04EC0-301F-11D3-BF4B-00C04F79EFBC}") = "ChatBotServer.API", "ChatBotServer.API\ChatBotServer.API.csproj", "{0DA66D59-F74A-4FAD-89BE-96821926A1F3}"
EndProject
Project("{FAE04EC0-301F-11D3-BF4B-00C04F79EFBC}") = "ChatBotServer.Infrastructure", "ChatBotServer.Infrastructure\ChatBotServer.Infrastructure.csproj", "{4AD61933-C522-4C84-B538-32EC000DA6EE}"
EndProject
Project("{FAE04EC0-301F-11D3-BF4B-00C04F79EFBC}") = "ChatBotServer.Domain", "ChatBotServer.Domain\ChatBotServer.Domain.csproj", "{B8C2E4A1-2D3F-4E5A-9B7C-1A2B3C4D5E6F}"
EndProject
Project("{FAE04EC0-301F-11D3-BF4B-00C04F79EFBC}") = "ChatBotServer.Application", "ChatBotServer.Application\ChatBotServer.Application.csproj", "{C9D3F5B2-3E4F-5F6A-AC8D-2B3C4D5E6F7A}"
EndProject
Global
	GlobalSection(SolutionConfigurationPlatforms) = preSolution
		Debug|Any CPU = Debug|Any CPU
		Release|Any CPU = Release|Any CPU
	EndGlobalSection
	GlobalSection(ProjectConfigurationPlatforms) = postSolution
		{8F72D2F8-5667-40EA-A7AA-CDD4DB3A44CA}.Debug|Any CPU.ActiveCfg = Debug|Any CPU
		{8F72D2F8-5667-40EA-A7AA-CDD4DB3A44CA}.Debug|Any CPU.Build.0 = Debug|Any CPU
		{8F72D2F8-5667-40EA-A7AA-CDD4DB3A44CA}.Release|Any CPU.ActiveCfg = Release|Any CPU
		{8F72D2F8-5667-40EA-A7AA-CDD4DB3A44CA}.Release|Any CPU.Build.0 = Release|Any CPU
		{5ED65DEA-F1F1-4EBB-9A70-556827F69A7D}.Debug|Any CPU.ActiveCfg = Debug|Any CPU
		{5ED65DEA-F1F1-4EBB-9A70-556827F69A7D}.Debug|Any CPU.Build.0 = Debug|Any CPU
		{5ED65DEA-F1F1-4EBB-9A70-556827F69A7D}.Release|Any CPU.ActiveCfg = Release|Any CPU
		{5ED65DEA-F1F1-4EBB-9A70-556827F69A7D}.Release|Any CPU.Build.0 = Release|Any CPU
		{0DA66D59-F74A-4FAD-89BE-96821926A1F3}.Debug|Any CPU.ActiveCfg = Debug|Any CPU
		{0DA66D59-F74A-4FAD-89BE-96821926A1F3}.Debug|Any CPU.Build.0 = Debug|Any CPU
		{0DA66D59-F74A-4FAD-89BE-96821926A1F3}.Release|Any CPU.ActiveCfg = Release|Any CPU
		{0DA66D59-F74A-4FAD-89BE-96821926A1F3}.Release|Any CPU.Build.0 = Release|Any CPU
		{4AD61933-C522-4C84-B538-32EC000DA6EE}.Debug|Any CPU.ActiveCfg = Debug|Any CPU
		{4AD61933-C522-4C84-B538-32EC000DA6EE}.Debug|Any CPU.Build.0 = Debug|Any CPU
		{4AD61933-C522-4C84-B538-32EC000DA6EE}.Release|Any CPU.ActiveCfg = Release|Any CPU
		{4AD61933-C522-4C84-B538-32EC000DA6EE}.Release|Any CPU.Build.0 = Release|Any CPU
		{B8C2E4A1-2D3F-4E5A-9B7C-1A2B3C4D5E6F}.Debug|Any CPU.ActiveCfg = Debug|Any CPU
		{B8C2E4A1-2D3F-4E5A-9B7C-1A2B3C4D5E6F}.Debug|Any CPU.Build.0 = Debug|Any CPU
		{B8C2E4A1-2D3F-4E5A-9B7C-1A2B3C4D5E6F}.Release|Any CPU.ActiveCfg = Release|Any CPU
		{B8C2E4A1-2D3F-4E5A-9B7C-1A2B3C4D5E6F}.Release|Any CPU.Build.0 = Release|Any CPU
		{C9D3F5B2-3E4F-5F6A-AC8D-2B3C4D5E6F7A}.Debug|Any CPU.ActiveCfg = Debug|Any CPU
		{C9D3F5B2-3E4F-5F6A-AC8D-2B3C4D5E6F7A}.Debug|Any CPU.Build.0 = Debug|Any CPU
		{C9D3F5B2-3E4F-5F6A-AC8D-2B3C4D5E6F7A}.Release|Any CPU.ActiveCfg = Release|Any CPU
		{C9D3F5B2-3E4F-5F6A-AC8D-2B3C4D5E6F7A}.Release|Any CPU.Build.0 = Release|Any CPU
	EndGlobalSection
EndGlobal
